// !$*UTF8*$!
{
	archiveVersion = 1;
	classes = {
	};
	objectVersion = 56;
	objects = {

/* Begin PBXBuildFile section */
		880B64EC29DCA555007ACEF4 /* AppDelegate.swift in Sources */ = {isa = PBXBuildFile; fileRef = 880B64EB29DCA555007ACEF4 /* AppDelegate.swift */; };
		880B64EE29DCA555007ACEF4 /* SceneDelegate.swift in Sources */ = {isa = PBXBuildFile; fileRef = 880B64ED29DCA555007ACEF4 /* SceneDelegate.swift */; };
		880B64F029DCA555007ACEF4 /* ViewController.swift in Sources */ = {isa = PBXBuildFile; fileRef = 880B64EF29DCA555007ACEF4 /* ViewController.swift */; };
		880B64F329DCA555007ACEF4 /* Main.storyboard in Resources */ = {isa = PBXBuildFile; fileRef = 880B64F129DCA555007ACEF4 /* Main.storyboard */; };
		880B64F529DCA559007ACEF4 /* Assets.xcassets in Resources */ = {isa = PBXBuildFile; fileRef = 880B64F429DCA559007ACEF4 /* Assets.xcassets */; };
		880B64F829DCA559007ACEF4 /* LaunchScreen.storyboard in Resources */ = {isa = PBXBuildFile; fileRef = 880B64F629DCA559007ACEF4 /* LaunchScreen.storyboard */; };
		880B650129DCADA0007ACEF4 /* customCell.swift in Sources */ = {isa = PBXBuildFile; fileRef = 880B64FF29DCADA0007ACEF4 /* customCell.swift */; };
		880B650229DCADA0007ACEF4 /* customCell.xib in Resources */ = {isa = PBXBuildFile; fileRef = 880B650029DCADA0007ACEF4 /* customCell.xib */; };
		8810A7C72A82BCC60021AB4A /* iconCellView.swift in Sources */ = {isa = PBXBuildFile; fileRef = 8810A7C52A82BCC60021AB4A /* iconCellView.swift */; };
		8810A7C82A82BCC60021AB4A /* iconCellView.xib in Resources */ = {isa = PBXBuildFile; fileRef = 8810A7C62A82BCC60021AB4A /* iconCellView.xib */; };
		8810A7CA2A8C000E0021AB4A /* IconsController.swift in Sources */ = {isa = PBXBuildFile; fileRef = 8810A7C92A8C000E0021AB4A /* IconsController.swift */; };
		8810A7CC2A9543290021AB4A /* iconsEnum.swift in Sources */ = {isa = PBXBuildFile; fileRef = 8810A7CB2A9543290021AB4A /* iconsEnum.swift */; };
		8819B2022A66E035006B0433 /* SettingsController.swift in Sources */ = {isa = PBXBuildFile; fileRef = 8819B2012A66E035006B0433 /* SettingsController.swift */; };
		88289C112A01995A001CD878 /* UserCountdowns+CoreDataClass.swift in Sources */ = {isa = PBXBuildFile; fileRef = 88289C0F2A01995A001CD878 /* UserCountdowns+CoreDataClass.swift */; };
		88289C122A01995A001CD878 /* UserCountdowns+CoreDataProperties.swift in Sources */ = {isa = PBXBuildFile; fileRef = 88289C102A01995A001CD878 /* UserCountdowns+CoreDataProperties.swift */; };
		889EEAB829F8519700D284C0 /* AddItem.storyboard in Resources */ = {isa = PBXBuildFile; fileRef = 889EEAB729F8519700D284C0 /* AddItem.storyboard */; };
		889EEABA29F853D200D284C0 /* AddItemController.swift in Sources */ = {isa = PBXBuildFile; fileRef = 889EEAB929F853D200D284C0 /* AddItemController.swift */; };
		889EEABD29F863D500D284C0 /* EventsList.xcdatamodeld in Sources */ = {isa = PBXBuildFile; fileRef = 889EEABB29F863D400D284C0 /* EventsList.xcdatamodeld */; };
		88C234362A54A50E001CFB2A /* DaysLeftCalculator.swift in Sources */ = {isa = PBXBuildFile; fileRef = 88C234352A54A50E001CFB2A /* DaysLeftCalculator.swift */; };
		88C46E232BA0F379007A00DC /* MainView.swift in Sources */ = {isa = PBXBuildFile; fileRef = 88C46E222BA0F379007A00DC /* MainView.swift */; };
		88C46E252BA0F38D007A00DC /* EventsList.swift in Sources */ = {isa = PBXBuildFile; fileRef = 88C46E242BA0F38D007A00DC /* EventsList.swift */; };
		88C46E282BA0F742007A00DC /* AddItemView.swift in Sources */ = {isa = PBXBuildFile; fileRef = 88C46E272BA0F742007A00DC /* AddItemView.swift */; };
		88C46E2A2BA35CF2007A00DC /* DetailedView.swift in Sources */ = {isa = PBXBuildFile; fileRef = 88C46E292BA35CF2007A00DC /* DetailedView.swift */; };
		88C46E2C2BBC8C4F007A00DC /* SettingsView.swift in Sources */ = {isa = PBXBuildFile; fileRef = 88C46E2B2BBC8C4F007A00DC /* SettingsView.swift */; };
		88C46E2E2BBC9693007A00DC /* IconsListView.swift in Sources */ = {isa = PBXBuildFile; fileRef = 88C46E2D2BBC9693007A00DC /* IconsListView.swift */; };
		88E98F642A1D4F2200681113 /* DetailedView.storyboard in Resources */ = {isa = PBXBuildFile; fileRef = 88E98F632A1D4F2200681113 /* DetailedView.storyboard */; };
		88E98F682A2675C900681113 /* DetailedViewController.swift in Sources */ = {isa = PBXBuildFile; fileRef = 88E98F672A2675C900681113 /* DetailedViewController.swift */; };
/* End PBXBuildFile section */

/* Begin PBXFileReference section */
		880B64E829DCA555007ACEF4 /* Countdown-Widget.app */ = {isa = PBXFileReference; explicitFileType = wrapper.application; includeInIndex = 0; path = "Countdown-Widget.app"; sourceTree = BUILT_PRODUCTS_DIR; };
		880B64EB29DCA555007ACEF4 /* AppDelegate.swift */ = {isa = PBXFileReference; lastKnownFileType = sourcecode.swift; path = AppDelegate.swift; sourceTree = "<group>"; };
		880B64ED29DCA555007ACEF4 /* SceneDelegate.swift */ = {isa = PBXFileReference; lastKnownFileType = sourcecode.swift; path = SceneDelegate.swift; sourceTree = "<group>"; };
		880B64EF29DCA555007ACEF4 /* ViewController.swift */ = {isa = PBXFileReference; lastKnownFileType = sourcecode.swift; path = ViewController.swift; sourceTree = "<group>"; };
		880B64F229DCA555007ACEF4 /* Base */ = {isa = PBXFileReference; lastKnownFileType = file.storyboard; name = Base; path = Base.lproj/Main.storyboard; sourceTree = "<group>"; };
		880B64F429DCA559007ACEF4 /* Assets.xcassets */ = {isa = PBXFileReference; lastKnownFileType = folder.assetcatalog; path = Assets.xcassets; sourceTree = "<group>"; };
		880B64F729DCA559007ACEF4 /* Base */ = {isa = PBXFileReference; lastKnownFileType = file.storyboard; name = Base; path = Base.lproj/LaunchScreen.storyboard; sourceTree = "<group>"; };
		880B64F929DCA559007ACEF4 /* Info.plist */ = {isa = PBXFileReference; lastKnownFileType = text.plist.xml; path = Info.plist; sourceTree = "<group>"; };
		880B64FF29DCADA0007ACEF4 /* customCell.swift */ = {isa = PBXFileReference; lastKnownFileType = sourcecode.swift; path = customCell.swift; sourceTree = "<group>"; };
		880B650029DCADA0007ACEF4 /* customCell.xib */ = {isa = PBXFileReference; lastKnownFileType = file.xib; path = customCell.xib; sourceTree = "<group>"; };
		8810A7C52A82BCC60021AB4A /* iconCellView.swift */ = {isa = PBXFileReference; lastKnownFileType = sourcecode.swift; path = iconCellView.swift; sourceTree = "<group>"; };
		8810A7C62A82BCC60021AB4A /* iconCellView.xib */ = {isa = PBXFileReference; lastKnownFileType = file.xib; path = iconCellView.xib; sourceTree = "<group>"; };
		8810A7C92A8C000E0021AB4A /* IconsController.swift */ = {isa = PBXFileReference; lastKnownFileType = sourcecode.swift; path = IconsController.swift; sourceTree = "<group>"; };
		8810A7CB2A9543290021AB4A /* iconsEnum.swift */ = {isa = PBXFileReference; lastKnownFileType = sourcecode.swift; path = iconsEnum.swift; sourceTree = "<group>"; };
		8819B2012A66E035006B0433 /* SettingsController.swift */ = {isa = PBXFileReference; lastKnownFileType = sourcecode.swift; path = SettingsController.swift; sourceTree = "<group>"; };
		88289C0F2A01995A001CD878 /* UserCountdowns+CoreDataClass.swift */ = {isa = PBXFileReference; lastKnownFileType = sourcecode.swift; path = "UserCountdowns+CoreDataClass.swift"; sourceTree = "<group>"; };
		88289C102A01995A001CD878 /* UserCountdowns+CoreDataProperties.swift */ = {isa = PBXFileReference; lastKnownFileType = sourcecode.swift; path = "UserCountdowns+CoreDataProperties.swift"; sourceTree = "<group>"; };
		889EEAB729F8519700D284C0 /* AddItem.storyboard */ = {isa = PBXFileReference; lastKnownFileType = file.storyboard; path = AddItem.storyboard; sourceTree = "<group>"; };
		889EEAB929F853D200D284C0 /* AddItemController.swift */ = {isa = PBXFileReference; lastKnownFileType = sourcecode.swift; path = AddItemController.swift; sourceTree = "<group>"; };
		889EEABC29F863D500D284C0 /* EventsList.xcdatamodel */ = {isa = PBXFileReference; lastKnownFileType = wrapper.xcdatamodel; path = EventsList.xcdatamodel; sourceTree = "<group>"; };
		88C234352A54A50E001CFB2A /* DaysLeftCalculator.swift */ = {isa = PBXFileReference; lastKnownFileType = sourcecode.swift; path = DaysLeftCalculator.swift; sourceTree = "<group>"; };
		88C46E222BA0F379007A00DC /* MainView.swift */ = {isa = PBXFileReference; lastKnownFileType = sourcecode.swift; path = MainView.swift; sourceTree = "<group>"; };
		88C46E242BA0F38D007A00DC /* EventsList.swift */ = {isa = PBXFileReference; lastKnownFileType = sourcecode.swift; path = EventsList.swift; sourceTree = "<group>"; };
		88C46E272BA0F742007A00DC /* AddItemView.swift */ = {isa = PBXFileReference; lastKnownFileType = sourcecode.swift; path = AddItemView.swift; sourceTree = "<group>"; };
		88C46E292BA35CF2007A00DC /* DetailedView.swift */ = {isa = PBXFileReference; lastKnownFileType = sourcecode.swift; path = DetailedView.swift; sourceTree = "<group>"; };
		88C46E2B2BBC8C4F007A00DC /* SettingsView.swift */ = {isa = PBXFileReference; lastKnownFileType = sourcecode.swift; path = SettingsView.swift; sourceTree = "<group>"; };
		88C46E2D2BBC9693007A00DC /* IconsListView.swift */ = {isa = PBXFileReference; lastKnownFileType = sourcecode.swift; path = IconsListView.swift; sourceTree = "<group>"; };
		88E98F632A1D4F2200681113 /* DetailedView.storyboard */ = {isa = PBXFileReference; lastKnownFileType = file.storyboard; path = DetailedView.storyboard; sourceTree = "<group>"; };
		88E98F672A2675C900681113 /* DetailedViewController.swift */ = {isa = PBXFileReference; lastKnownFileType = sourcecode.swift; path = DetailedViewController.swift; sourceTree = "<group>"; };
/* End PBXFileReference section */

/* Begin PBXFrameworksBuildPhase section */
		880B64E529DCA555007ACEF4 /* Frameworks */ = {
			isa = PBXFrameworksBuildPhase;
			buildActionMask = 2147483647;
			files = (
			);
			runOnlyForDeploymentPostprocessing = 0;
		};
/* End PBXFrameworksBuildPhase section */

/* Begin PBXGroup section */
		880B64DF29DCA555007ACEF4 = {
			isa = PBXGroup;
			children = (
				880B64EA29DCA555007ACEF4 /* Countdown-Widget */,
				880B64E929DCA555007ACEF4 /* Products */,
			);
			sourceTree = "<group>";
		};
		880B64E929DCA555007ACEF4 /* Products */ = {
			isa = PBXGroup;
			children = (
				880B64E829DCA555007ACEF4 /* Countdown-Widget.app */,
			);
			name = Products;
			sourceTree = "<group>";
		};
		880B64EA29DCA555007ACEF4 /* Countdown-Widget */ = {
			isa = PBXGroup;
			children = (
				88C46E262BA0F390007A00DC /* SwiftData */,
				88289C022A0196A9001CD878 /* CoreData */,
				880B64EB29DCA555007ACEF4 /* AppDelegate.swift */,
				880B64ED29DCA555007ACEF4 /* SceneDelegate.swift */,
				880B64EF29DCA555007ACEF4 /* ViewController.swift */,
				880B64F129DCA555007ACEF4 /* Main.storyboard */,
				889EEAB929F853D200D284C0 /* AddItemController.swift */,
				889EEAB729F8519700D284C0 /* AddItem.storyboard */,
				88E98F672A2675C900681113 /* DetailedViewController.swift */,
				88E98F632A1D4F2200681113 /* DetailedView.storyboard */,
				880B64F429DCA559007ACEF4 /* Assets.xcassets */,
				880B64F629DCA559007ACEF4 /* LaunchScreen.storyboard */,
				880B64F929DCA559007ACEF4 /* Info.plist */,
				880B64FF29DCADA0007ACEF4 /* customCell.swift */,
				880B650029DCADA0007ACEF4 /* customCell.xib */,
				889EEABB29F863D400D284C0 /* EventsList.xcdatamodeld */,
				88C234352A54A50E001CFB2A /* DaysLeftCalculator.swift */,
				8819B2012A66E035006B0433 /* SettingsController.swift */,
				8810A7C52A82BCC60021AB4A /* iconCellView.swift */,
				8810A7C62A82BCC60021AB4A /* iconCellView.xib */,
				8810A7C92A8C000E0021AB4A /* IconsController.swift */,
				8810A7CB2A9543290021AB4A /* iconsEnum.swift */,
				88C46E222BA0F379007A00DC /* MainView.swift */,
				88C46E272BA0F742007A00DC /* AddItemView.swift */,
				88C46E292BA35CF2007A00DC /* DetailedView.swift */,
				88C46E2B2BBC8C4F007A00DC /* SettingsView.swift */,
				88C46E2D2BBC9693007A00DC /* IconsListView.swift */,
			);
			path = "Countdown-Widget";
			sourceTree = "<group>";
		};
		88289C022A0196A9001CD878 /* CoreData */ = {
			isa = PBXGroup;
			children = (
				88289C0F2A01995A001CD878 /* UserCountdowns+CoreDataClass.swift */,
				88289C102A01995A001CD878 /* UserCountdowns+CoreDataProperties.swift */,
			);
			path = CoreData;
			sourceTree = "<group>";
		};
		88C46E262BA0F390007A00DC /* SwiftData */ = {
			isa = PBXGroup;
			children = (
				88C46E242BA0F38D007A00DC /* EventsList.swift */,
			);
			path = SwiftData;
			sourceTree = "<group>";
		};
/* End PBXGroup section */

/* Begin PBXNativeTarget section */
		880B64E729DCA555007ACEF4 /* Countdown-Widget */ = {
			isa = PBXNativeTarget;
			buildConfigurationList = 880B64FC29DCA559007ACEF4 /* Build configuration list for PBXNativeTarget "Countdown-Widget" */;
			buildPhases = (
				880B64E429DCA555007ACEF4 /* Sources */,
				880B64E529DCA555007ACEF4 /* Frameworks */,
				880B64E629DCA555007ACEF4 /* Resources */,
			);
			buildRules = (
			);
			dependencies = (
			);
			name = "Countdown-Widget";
			productName = "Countdown-Widget";
			productReference = 880B64E829DCA555007ACEF4 /* Countdown-Widget.app */;
			productType = "com.apple.product-type.application";
		};
/* End PBXNativeTarget section */

/* Begin PBXProject section */
		880B64E029DCA555007ACEF4 /* Project object */ = {
			isa = PBXProject;
			attributes = {
				BuildIndependentTargetsInParallel = 1;
				LastSwiftUpdateCheck = 1430;
				LastUpgradeCheck = 1430;
				TargetAttributes = {
					880B64E729DCA555007ACEF4 = {
						CreatedOnToolsVersion = 14.3;
					};
				};
			};
			buildConfigurationList = 880B64E329DCA555007ACEF4 /* Build configuration list for PBXProject "Countdown-Widget" */;
			compatibilityVersion = "Xcode 14.0";
			developmentRegion = en;
			hasScannedForEncodings = 0;
			knownRegions = (
				en,
				Base,
			);
			mainGroup = 880B64DF29DCA555007ACEF4;
			productRefGroup = 880B64E929DCA555007ACEF4 /* Products */;
			projectDirPath = "";
			projectRoot = "";
			targets = (
				880B64E729DCA555007ACEF4 /* Countdown-Widget */,
			);
		};
/* End PBXProject section */

/* Begin PBXResourcesBuildPhase section */
		880B64E629DCA555007ACEF4 /* Resources */ = {
			isa = PBXResourcesBuildPhase;
			buildActionMask = 2147483647;
			files = (
				889EEAB829F8519700D284C0 /* AddItem.storyboard in Resources */,
				8810A7C82A82BCC60021AB4A /* iconCellView.xib in Resources */,
				880B64F829DCA559007ACEF4 /* LaunchScreen.storyboard in Resources */,
				880B64F529DCA559007ACEF4 /* Assets.xcassets in Resources */,
				880B650229DCADA0007ACEF4 /* customCell.xib in Resources */,
				880B64F329DCA555007ACEF4 /* Main.storyboard in Resources */,
				88E98F642A1D4F2200681113 /* DetailedView.storyboard in Resources */,
			);
			runOnlyForDeploymentPostprocessing = 0;
		};
/* End PBXResourcesBuildPhase section */

/* Begin PBXSourcesBuildPhase section */
		880B64E429DCA555007ACEF4 /* Sources */ = {
			isa = PBXSourcesBuildPhase;
			buildActionMask = 2147483647;
			files = (
				88C46E282BA0F742007A00DC /* AddItemView.swift in Sources */,
				889EEABA29F853D200D284C0 /* AddItemController.swift in Sources */,
				8810A7C72A82BCC60021AB4A /* iconCellView.swift in Sources */,
				880B64F029DCA555007ACEF4 /* ViewController.swift in Sources */,
				88289C122A01995A001CD878 /* UserCountdowns+CoreDataProperties.swift in Sources */,
				889EEABD29F863D500D284C0 /* EventsList.xcdatamodeld in Sources */,
				88289C112A01995A001CD878 /* UserCountdowns+CoreDataClass.swift in Sources */,
				8819B2022A66E035006B0433 /* SettingsController.swift in Sources */,
				8810A7CC2A9543290021AB4A /* iconsEnum.swift in Sources */,
				88C46E2E2BBC9693007A00DC /* IconsListView.swift in Sources */,
				88E98F682A2675C900681113 /* DetailedViewController.swift in Sources */,
				88C46E2A2BA35CF2007A00DC /* DetailedView.swift in Sources */,
				880B64EC29DCA555007ACEF4 /* AppDelegate.swift in Sources */,
				88C234362A54A50E001CFB2A /* DaysLeftCalculator.swift in Sources */,
				880B650129DCADA0007ACEF4 /* customCell.swift in Sources */,
				88C46E252BA0F38D007A00DC /* EventsList.swift in Sources */,
				880B64EE29DCA555007ACEF4 /* SceneDelegate.swift in Sources */,
				88C46E232BA0F379007A00DC /* MainView.swift in Sources */,
				8810A7CA2A8C000E0021AB4A /* IconsController.swift in Sources */,
				88C46E2C2BBC8C4F007A00DC /* SettingsView.swift in Sources */,
			);
			runOnlyForDeploymentPostprocessing = 0;
		};
/* End PBXSourcesBuildPhase section */

/* Begin PBXVariantGroup section */
		880B64F129DCA555007ACEF4 /* Main.storyboard */ = {
			isa = PBXVariantGroup;
			children = (
				880B64F229DCA555007ACEF4 /* Base */,
			);
			name = Main.storyboard;
			sourceTree = "<group>";
		};
		880B64F629DCA559007ACEF4 /* LaunchScreen.storyboard */ = {
			isa = PBXVariantGroup;
			children = (
				880B64F729DCA559007ACEF4 /* Base */,
			);
			name = LaunchScreen.storyboard;
			sourceTree = "<group>";
		};
/* End PBXVariantGroup section */

/* Begin XCBuildConfiguration section */
		880B64FA29DCA559007ACEF4 /* Debug */ = {
			isa = XCBuildConfiguration;
			buildSettings = {
				ALWAYS_SEARCH_USER_PATHS = NO;
				CLANG_ANALYZER_NONNULL = YES;
				CLANG_ANALYZER_NUMBER_OBJECT_CONVERSION = YES_AGGRESSIVE;
				CLANG_CXX_LANGUAGE_STANDARD = "gnu++20";
				CLANG_ENABLE_MODULES = YES;
				CLANG_ENABLE_OBJC_ARC = YES;
				CLANG_ENABLE_OBJC_WEAK = YES;
				CLANG_WARN_BLOCK_CAPTURE_AUTORELEASING = YES;
				CLANG_WARN_BOOL_CONVERSION = YES;
				CLANG_WARN_COMMA = YES;
				CLANG_WARN_CONSTANT_CONVERSION = YES;
				CLANG_WARN_DEPRECATED_OBJC_IMPLEMENTATIONS = YES;
				CLANG_WARN_DIRECT_OBJC_ISA_USAGE = YES_ERROR;
				CLANG_WARN_DOCUMENTATION_COMMENTS = YES;
				CLANG_WARN_EMPTY_BODY = YES;
				CLANG_WARN_ENUM_CONVERSION = YES;
				CLANG_WARN_INFINITE_RECURSION = YES;
				CLANG_WARN_INT_CONVERSION = YES;
				CLANG_WARN_NON_LITERAL_NULL_CONVERSION = YES;
				CLANG_WARN_OBJC_IMPLICIT_RETAIN_SELF = YES;
				CLANG_WARN_OBJC_LITERAL_CONVERSION = YES;
				CLANG_WARN_OBJC_ROOT_CLASS = YES_ERROR;
				CLANG_WARN_QUOTED_INCLUDE_IN_FRAMEWORK_HEADER = YES;
				CLANG_WARN_RANGE_LOOP_ANALYSIS = YES;
				CLANG_WARN_STRICT_PROTOTYPES = YES;
				CLANG_WARN_SUSPICIOUS_MOVE = YES;
				CLANG_WARN_UNGUARDED_AVAILABILITY = YES_AGGRESSIVE;
				CLANG_WARN_UNREACHABLE_CODE = YES;
				CLANG_WARN__DUPLICATE_METHOD_MATCH = YES;
				COPY_PHASE_STRIP = NO;
				DEBUG_INFORMATION_FORMAT = dwarf;
				ENABLE_STRICT_OBJC_MSGSEND = YES;
				ENABLE_TESTABILITY = YES;
				GCC_C_LANGUAGE_STANDARD = gnu11;
				GCC_DYNAMIC_NO_PIC = NO;
				GCC_NO_COMMON_BLOCKS = YES;
				GCC_OPTIMIZATION_LEVEL = 0;
				GCC_PREPROCESSOR_DEFINITIONS = (
					"DEBUG=1",
					"$(inherited)",
				);
				GCC_WARN_64_TO_32_BIT_CONVERSION = YES;
				GCC_WARN_ABOUT_RETURN_TYPE = YES_ERROR;
				GCC_WARN_UNDECLARED_SELECTOR = YES;
				GCC_WARN_UNINITIALIZED_AUTOS = YES_AGGRESSIVE;
				GCC_WARN_UNUSED_FUNCTION = YES;
				GCC_WARN_UNUSED_VARIABLE = YES;
				IPHONEOS_DEPLOYMENT_TARGET = 16.4;
				MTL_ENABLE_DEBUG_INFO = INCLUDE_SOURCE;
				MTL_FAST_MATH = YES;
				ONLY_ACTIVE_ARCH = YES;
				SDKROOT = iphoneos;
				SWIFT_ACTIVE_COMPILATION_CONDITIONS = DEBUG;
				SWIFT_OPTIMIZATION_LEVEL = "-Onone";
			};
			name = Debug;
		};
		880B64FB29DCA559007ACEF4 /* Release */ = {
			isa = XCBuildConfiguration;
			buildSettings = {
				ALWAYS_SEARCH_USER_PATHS = NO;
				CLANG_ANALYZER_NONNULL = YES;
				CLANG_ANALYZER_NUMBER_OBJECT_CONVERSION = YES_AGGRESSIVE;
				CLANG_CXX_LANGUAGE_STANDARD = "gnu++20";
				CLANG_ENABLE_MODULES = YES;
				CLANG_ENABLE_OBJC_ARC = YES;
				CLANG_ENABLE_OBJC_WEAK = YES;
				CLANG_WARN_BLOCK_CAPTURE_AUTORELEASING = YES;
				CLANG_WARN_BOOL_CONVERSION = YES;
				CLANG_WARN_COMMA = YES;
				CLANG_WARN_CONSTANT_CONVERSION = YES;
				CLANG_WARN_DEPRECATED_OBJC_IMPLEMENTATIONS = YES;
				CLANG_WARN_DIRECT_OBJC_ISA_USAGE = YES_ERROR;
				CLANG_WARN_DOCUMENTATION_COMMENTS = YES;
				CLANG_WARN_EMPTY_BODY = YES;
				CLANG_WARN_ENUM_CONVERSION = YES;
				CLANG_WARN_INFINITE_RECURSION = YES;
				CLANG_WARN_INT_CONVERSION = YES;
				CLANG_WARN_NON_LITERAL_NULL_CONVERSION = YES;
				CLANG_WARN_OBJC_IMPLICIT_RETAIN_SELF = YES;
				CLANG_WARN_OBJC_LITERAL_CONVERSION = YES;
				CLANG_WARN_OBJC_ROOT_CLASS = YES_ERROR;
				CLANG_WARN_QUOTED_INCLUDE_IN_FRAMEWORK_HEADER = YES;
				CLANG_WARN_RANGE_LOOP_ANALYSIS = YES;
				CLANG_WARN_STRICT_PROTOTYPES = YES;
				CLANG_WARN_SUSPICIOUS_MOVE = YES;
				CLANG_WARN_UNGUARDED_AVAILABILITY = YES_AGGRESSIVE;
				CLANG_WARN_UNREACHABLE_CODE = YES;
				CLANG_WARN__DUPLICATE_METHOD_MATCH = YES;
				COPY_PHASE_STRIP = NO;
				DEBUG_INFORMATION_FORMAT = "dwarf-with-dsym";
				ENABLE_NS_ASSERTIONS = NO;
				ENABLE_STRICT_OBJC_MSGSEND = YES;
				GCC_C_LANGUAGE_STANDARD = gnu11;
				GCC_NO_COMMON_BLOCKS = YES;
				GCC_WARN_64_TO_32_BIT_CONVERSION = YES;
				GCC_WARN_ABOUT_RETURN_TYPE = YES_ERROR;
				GCC_WARN_UNDECLARED_SELECTOR = YES;
				GCC_WARN_UNINITIALIZED_AUTOS = YES_AGGRESSIVE;
				GCC_WARN_UNUSED_FUNCTION = YES;
				GCC_WARN_UNUSED_VARIABLE = YES;
				IPHONEOS_DEPLOYMENT_TARGET = 16.4;
				MTL_ENABLE_DEBUG_INFO = NO;
				MTL_FAST_MATH = YES;
				SDKROOT = iphoneos;
				SWIFT_COMPILATION_MODE = wholemodule;
				SWIFT_OPTIMIZATION_LEVEL = "-O";
				VALIDATE_PRODUCT = YES;
			};
			name = Release;
		};
		880B64FD29DCA559007ACEF4 /* Debug */ = {
			isa = XCBuildConfiguration;
			buildSettings = {
				ASSETCATALOG_COMPILER_APPICON_NAME = AppIcon;
				ASSETCATALOG_COMPILER_GLOBAL_ACCENT_COLOR_NAME = AccentColor;
				CODE_SIGN_STYLE = Automatic;
				CURRENT_PROJECT_VERSION = 1;
				DEVELOPMENT_TEAM = 63Y3LNTUVD;
				GENERATE_INFOPLIST_FILE = YES;
				INFOPLIST_FILE = "Countdown-Widget/Info.plist";
				INFOPLIST_KEY_UIApplicationSupportsIndirectInputEvents = YES;
				INFOPLIST_KEY_UILaunchStoryboardName = LaunchScreen;
				INFOPLIST_KEY_UIMainStoryboardFile = Main;
				INFOPLIST_KEY_UISupportedInterfaceOrientations = UIInterfaceOrientationPortrait;
				INFOPLIST_KEY_UISupportedInterfaceOrientations_iPad = "UIInterfaceOrientationLandscapeLeft UIInterfaceOrientationLandscapeRight UIInterfaceOrientationPortrait UIInterfaceOrientationPortraitUpsideDown";
				IPHONEOS_DEPLOYMENT_TARGET = 17.0;
				LD_RUNPATH_SEARCH_PATHS = (
					"$(inherited)",
					"@executable_path/Frameworks",
				);
				MARKETING_VERSION = 1.0;
				PRODUCT_BUNDLE_IDENTIFIER = "jesusjimsa.Countdown-Widget";
				PRODUCT_NAME = "$(TARGET_NAME)";
				SUPPORTED_PLATFORMS = "iphoneos iphonesimulator";
				SUPPORTS_MACCATALYST = NO;
				SUPPORTS_MAC_DESIGNED_FOR_IPHONE_IPAD = NO;
				SWIFT_EMIT_LOC_STRINGS = YES;
				SWIFT_VERSION = 5.0;
				TARGETED_DEVICE_FAMILY = "1,2";
			};
			name = Debug;
		};
		880B64FE29DCA559007ACEF4 /* Release */ = {
			isa = XCBuildConfiguration;
			buildSettings = {
				ASSETCATALOG_COMPILER_APPICON_NAME = AppIcon;
				ASSETCATALOG_COMPILER_GLOBAL_ACCENT_COLOR_NAME = AccentColor;
				CODE_SIGN_STYLE = Automatic;
				CURRENT_PROJECT_VERSION = 1;
				DEVELOPMENT_TEAM = 63Y3LNTUVD;
				GENERATE_INFOPLIST_FILE = YES;
				INFOPLIST_FILE = "Countdown-Widget/Info.plist";
				INFOPLIST_KEY_UIApplicationSupportsIndirectInputEvents = YES;
				INFOPLIST_KEY_UILaunchStoryboardName = LaunchScreen;
				INFOPLIST_KEY_UIMainStoryboardFile = Main;
				INFOPLIST_KEY_UISupportedInterfaceOrientations = UIInterfaceOrientationPortrait;
				INFOPLIST_KEY_UISupportedInterfaceOrientations_iPad = "UIInterfaceOrientationLandscapeLeft UIInterfaceOrientationLandscapeRight UIInterfaceOrientationPortrait UIInterfaceOrientationPortraitUpsideDown";
				IPHONEOS_DEPLOYMENT_TARGET = 17.0;
				LD_RUNPATH_SEARCH_PATHS = (
					"$(inherited)",
					"@executable_path/Frameworks",
				);
				MARKETING_VERSION = 1.0;
				PRODUCT_BUNDLE_IDENTIFIER = "jesusjimsa.Countdown-Widget";
				PRODUCT_NAME = "$(TARGET_NAME)";
				SUPPORTED_PLATFORMS = "iphoneos iphonesimulator";
				SUPPORTS_MACCATALYST = NO;
				SUPPORTS_MAC_DESIGNED_FOR_IPHONE_IPAD = NO;
				SWIFT_EMIT_LOC_STRINGS = YES;
				SWIFT_VERSION = 5.0;
				TARGETED_DEVICE_FAMILY = "1,2";
			};
			name = Release;
		};
/* End XCBuildConfiguration section */

/* Begin XCConfigurationList section */
		880B64E329DCA555007ACEF4 /* Build configuration list for PBXProject "Countdown-Widget" */ = {
			isa = XCConfigurationList;
			buildConfigurations = (
				880B64FA29DCA559007ACEF4 /* Debug */,
				880B64FB29DCA559007ACEF4 /* Release */,
			);
			defaultConfigurationIsVisible = 0;
			defaultConfigurationName = Release;
		};
		880B64FC29DCA559007ACEF4 /* Build configuration list for PBXNativeTarget "Countdown-Widget" */ = {
			isa = XCConfigurationList;
			buildConfigurations = (
				880B64FD29DCA559007ACEF4 /* Debug */,
				880B64FE29DCA559007ACEF4 /* Release */,
			);
			defaultConfigurationIsVisible = 0;
			defaultConfigurationName = Release;
		};
/* End XCConfigurationList section */

/* Begin XCVersionGroup section */
		889EEABB29F863D400D284C0 /* EventsList.xcdatamodeld */ = {
			isa = XCVersionGroup;
			children = (
				889EEABC29F863D500D284C0 /* EventsList.xcdatamodel */,
			);
			currentVersion = 889EEABC29F863D500D284C0 /* EventsList.xcdatamodel */;
			path = EventsList.xcdatamodeld;
			sourceTree = "<group>";
			versionGroupType = wrapper.xcdatamodel;
		};
/* End XCVersionGroup section */
	};
	rootObject = 880B64E029DCA555007ACEF4 /* Project object */;
}
