// !$*UTF8*$!
{
	archiveVersion = 1;
	classes = {
	};
	objectVersion = 55;
	objects = {

/* Begin PBXBuildFile section */
		889FBCF527D14F66000DD457 /* AppDelegate.swift in Sources */ = {isa = PBXBuildFile; fileRef = 889FBCF427D14F66000DD457 /* AppDelegate.swift */; };
		889FBCF727D14F66000DD457 /* SceneDelegate.swift in Sources */ = {isa = PBXBuildFile; fileRef = 889FBCF627D14F66000DD457 /* SceneDelegate.swift */; };
		889FBCF927D14F66000DD457 /* ViewController.swift in Sources */ = {isa = PBXBuildFile; fileRef = 889FBCF827D14F66000DD457 /* ViewController.swift */; };
		889FBCFC27D14F66000DD457 /* Main.storyboard in Resources */ = {isa = PBXBuildFile; fileRef = 889FBCFA27D14F66000DD457 /* Main.storyboard */; };
		889FBCFE27D14F68000DD457 /* Assets.xcassets in Resources */ = {isa = PBXBuildFile; fileRef = 889FBCFD27D14F68000DD457 /* Assets.xcassets */; };
		889FBD0127D14F68000DD457 /* LaunchScreen.storyboard in Resources */ = {isa = PBXBuildFile; fileRef = 889FBCFF27D14F68000DD457 /* LaunchScreen.storyboard */; };
		889FBD0A27D150AB000DD457 /* LICENSE in Resources */ = {isa = PBXBuildFile; fileRef = 889FBD0827D150AA000DD457 /* LICENSE */; };
		889FBD0B27D150AB000DD457 /* README.md in Resources */ = {isa = PBXBuildFile; fileRef = 889FBD0927D150AB000DD457 /* README.md */; };
		889FBD0D27D150F9000DD457 /* .gitignore in Resources */ = {isa = PBXBuildFile; fileRef = 889FBD0C27D150F9000DD457 /* .gitignore */; };
		88EADE5827D7F1C2008B85CB /* customCounterCell.xib in Resources */ = {isa = PBXBuildFile; fileRef = 88EADE5727D7F1C2008B85CB /* customCounterCell.xib */; };
		88EADE5C27D7F5A5008B85CB /* customCounterCell.swift in Sources */ = {isa = PBXBuildFile; fileRef = 88EADE5B27D7F5A5008B85CB /* customCounterCell.swift */; };
/* End PBXBuildFile section */

/* Begin PBXFileReference section */
		889FBCF127D14F66000DD457 /* Countdown-Widget.app */ = {isa = PBXFileReference; explicitFileType = wrapper.application; includeInIndex = 0; path = "Countdown-Widget.app"; sourceTree = BUILT_PRODUCTS_DIR; };
		889FBCF427D14F66000DD457 /* AppDelegate.swift */ = {isa = PBXFileReference; lastKnownFileType = sourcecode.swift; path = AppDelegate.swift; sourceTree = "<group>"; };
		889FBCF627D14F66000DD457 /* SceneDelegate.swift */ = {isa = PBXFileReference; lastKnownFileType = sourcecode.swift; path = SceneDelegate.swift; sourceTree = "<group>"; };
		889FBCF827D14F66000DD457 /* ViewController.swift */ = {isa = PBXFileReference; lastKnownFileType = sourcecode.swift; path = ViewController.swift; sourceTree = "<group>"; };
		889FBCFB27D14F66000DD457 /* Base */ = {isa = PBXFileReference; lastKnownFileType = file.storyboard; name = Base; path = Base.lproj/Main.storyboard; sourceTree = "<group>"; };
		889FBCFD27D14F68000DD457 /* Assets.xcassets */ = {isa = PBXFileReference; lastKnownFileType = folder.assetcatalog; path = Assets.xcassets; sourceTree = "<group>"; };
		889FBD0027D14F68000DD457 /* Base */ = {isa = PBXFileReference; lastKnownFileType = file.storyboard; name = Base; path = Base.lproj/LaunchScreen.storyboard; sourceTree = "<group>"; };
		889FBD0227D14F68000DD457 /* Info.plist */ = {isa = PBXFileReference; lastKnownFileType = text.plist.xml; path = Info.plist; sourceTree = "<group>"; };
		889FBD0827D150AA000DD457 /* LICENSE */ = {isa = PBXFileReference; fileEncoding = 4; lastKnownFileType = text; path = LICENSE; sourceTree = "<group>"; };
		889FBD0927D150AB000DD457 /* README.md */ = {isa = PBXFileReference; fileEncoding = 4; lastKnownFileType = net.daringfireball.markdown; path = README.md; sourceTree = "<group>"; };
		889FBD0C27D150F9000DD457 /* .gitignore */ = {isa = PBXFileReference; fileEncoding = 4; lastKnownFileType = text; path = .gitignore; sourceTree = "<group>"; };
		88EADE5727D7F1C2008B85CB /* customCounterCell.xib */ = {isa = PBXFileReference; lastKnownFileType = file.xib; name = customCounterCell.xib; path = "Countdown-Widget/customCounterCell.xib"; sourceTree = "<group>"; };
		88EADE5B27D7F5A5008B85CB /* customCounterCell.swift */ = {isa = PBXFileReference; lastKnownFileType = sourcecode.swift; name = customCounterCell.swift; path = "Countdown-Widget/customCounterCell.swift"; sourceTree = "<group>"; };
/* End PBXFileReference section */

/* Begin PBXFrameworksBuildPhase section */
		889FBCEE27D14F66000DD457 /* Frameworks */ = {
			isa = PBXFrameworksBuildPhase;
			buildActionMask = 2147483647;
			files = (
			);
			runOnlyForDeploymentPostprocessing = 0;
		};
/* End PBXFrameworksBuildPhase section */

/* Begin PBXGroup section */
		889FBCE827D14F66000DD457 = {
			isa = PBXGroup;
			children = (
				88EADE5B27D7F5A5008B85CB /* customCounterCell.swift */,
				88EADE5727D7F1C2008B85CB /* customCounterCell.xib */,
				889FBD0827D150AA000DD457 /* LICENSE */,
				889FBD0927D150AB000DD457 /* README.md */,
				889FBD0C27D150F9000DD457 /* .gitignore */,
				889FBCF327D14F66000DD457 /* Countdown-Widget */,
				889FBCF227D14F66000DD457 /* Products */,
			);
			sourceTree = "<group>";
		};
		889FBCF227D14F66000DD457 /* Products */ = {
			isa = PBXGroup;
			children = (
				889FBCF127D14F66000DD457 /* Countdown-Widget.app */,
			);
			name = Products;
			sourceTree = "<group>";
		};
		889FBCF327D14F66000DD457 /* Countdown-Widget */ = {
			isa = PBXGroup;
			children = (
				889FBCF427D14F66000DD457 /* AppDelegate.swift */,
				889FBCF627D14F66000DD457 /* SceneDelegate.swift */,
				889FBCF827D14F66000DD457 /* ViewController.swift */,
				889FBCFA27D14F66000DD457 /* Main.storyboard */,
				889FBCFD27D14F68000DD457 /* Assets.xcassets */,
				889FBCFF27D14F68000DD457 /* LaunchScreen.storyboard */,
				889FBD0227D14F68000DD457 /* Info.plist */,
			);
			path = "Countdown-Widget";
			sourceTree = "<group>";
		};
/* End PBXGroup section */

/* Begin PBXNativeTarget section */
		889FBCF027D14F66000DD457 /* Countdown-Widget */ = {
			isa = PBXNativeTarget;
			buildConfigurationList = 889FBD0527D14F68000DD457 /* Build configuration list for PBXNativeTarget "Countdown-Widget" */;
			buildPhases = (
				889FBCED27D14F66000DD457 /* Sources */,
				889FBCEE27D14F66000DD457 /* Frameworks */,
				889FBCEF27D14F66000DD457 /* Resources */,
			);
			buildRules = (
			);
			dependencies = (
			);
			name = "Countdown-Widget";
			productName = "Countdown-Widget";
			productReference = 889FBCF127D14F66000DD457 /* Countdown-Widget.app */;
			productType = "com.apple.product-type.application";
		};
/* End PBXNativeTarget section */

/* Begin PBXProject section */
		889FBCE927D14F66000DD457 /* Project object */ = {
			isa = PBXProject;
			attributes = {
				BuildIndependentTargetsInParallel = 1;
				LastSwiftUpdateCheck = 1320;
				LastUpgradeCheck = 1320;
				TargetAttributes = {
					889FBCF027D14F66000DD457 = {
						CreatedOnToolsVersion = 13.2.1;
					};
				};
			};
			buildConfigurationList = 889FBCEC27D14F66000DD457 /* Build configuration list for PBXProject "Countdown-Widget" */;
			compatibilityVersion = "Xcode 13.0";
			developmentRegion = en;
			hasScannedForEncodings = 0;
			knownRegions = (
				en,
				Base,
			);
			mainGroup = 889FBCE827D14F66000DD457;
			productRefGroup = 889FBCF227D14F66000DD457 /* Products */;
			projectDirPath = "";
			projectRoot = "";
			targets = (
				889FBCF027D14F66000DD457 /* Countdown-Widget */,
			);
		};
/* End PBXProject section */

/* Begin PBXResourcesBuildPhase section */
		889FBCEF27D14F66000DD457 /* Resources */ = {
			isa = PBXResourcesBuildPhase;
			buildActionMask = 2147483647;
			files = (
				889FBD0127D14F68000DD457 /* LaunchScreen.storyboard in Resources */,
				889FBCFE27D14F68000DD457 /* Assets.xcassets in Resources */,
				889FBD0B27D150AB000DD457 /* README.md in Resources */,
				88EADE5827D7F1C2008B85CB /* customCounterCell.xib in Resources */,
				889FBD0A27D150AB000DD457 /* LICENSE in Resources */,
				889FBD0D27D150F9000DD457 /* .gitignore in Resources */,
				889FBCFC27D14F66000DD457 /* Main.storyboard in Resources */,
			);
			runOnlyForDeploymentPostprocessing = 0;
		};
/* End PBXResourcesBuildPhase section */

/* Begin PBXSourcesBuildPhase section */
		889FBCED27D14F66000DD457 /* Sources */ = {
			isa = PBXSourcesBuildPhase;
			buildActionMask = 2147483647;
			files = (
				889FBCF927D14F66000DD457 /* ViewController.swift in Sources */,
				88EADE5C27D7F5A5008B85CB /* customCounterCell.swift in Sources */,
				889FBCF527D14F66000DD457 /* AppDelegate.swift in Sources */,
				889FBCF727D14F66000DD457 /* SceneDelegate.swift in Sources */,
			);
			runOnlyForDeploymentPostprocessing = 0;
		};
/* End PBXSourcesBuildPhase section */

/* Begin PBXVariantGroup section */
		889FBCFA27D14F66000DD457 /* Main.storyboard */ = {
			isa = PBXVariantGroup;
			children = (
				889FBCFB27D14F66000DD457 /* Base */,
			);
			name = Main.storyboard;
			sourceTree = "<group>";
		};
		889FBCFF27D14F68000DD457 /* LaunchScreen.storyboard */ = {
			isa = PBXVariantGroup;
			children = (
				889FBD0027D14F68000DD457 /* Base */,
			);
			name = LaunchScreen.storyboard;
			sourceTree = "<group>";
		};
/* End PBXVariantGroup section */

/* Begin XCBuildConfiguration section */
		889FBD0327D14F68000DD457 /* Debug */ = {
			isa = XCBuildConfiguration;
			buildSettings = {
				ALWAYS_SEARCH_USER_PATHS = NO;
				CLANG_ANALYZER_NONNULL = YES;
				CLANG_ANALYZER_NUMBER_OBJECT_CONVERSION = YES_AGGRESSIVE;
				CLANG_CXX_LANGUAGE_STANDARD = "gnu++17";
				CLANG_CXX_LIBRARY = "libc++";
				CLANG_ENABLE_MODULES = YES;
				CLANG_ENABLE_OBJC_ARC = YES;
				CLANG_ENABLE_OBJC_WEAK = YES;
				CLANG_WARN_BLOCK_CAPTURE_AUTORELEASING = YES;
				CLANG_WARN_BOOL_CONVERSION = YES;
				CLANG_WARN_COMMA = YES;
				CLANG_WARN_CONSTANT_CONVERSION = YES;
				CLANG_WARN_DEPRECATED_OBJC_IMPLEMENTATIONS = YES;
				CLANG_WARN_DIRECT_OBJC_ISA_USAGE = YES_ERROR;
				CLANG_WARN_DOCUMENTATION_COMMENTS = YES;
				CLANG_WARN_EMPTY_BODY = YES;
				CLANG_WARN_ENUM_CONVERSION = YES;
				CLANG_WARN_INFINITE_RECURSION = YES;
				CLANG_WARN_INT_CONVERSION = YES;
				CLANG_WARN_NON_LITERAL_NULL_CONVERSION = YES;
				CLANG_WARN_OBJC_IMPLICIT_RETAIN_SELF = YES;
				CLANG_WARN_OBJC_LITERAL_CONVERSION = YES;
				CLANG_WARN_OBJC_ROOT_CLASS = YES_ERROR;
				CLANG_WARN_QUOTED_INCLUDE_IN_FRAMEWORK_HEADER = YES;
				CLANG_WARN_RANGE_LOOP_ANALYSIS = YES;
				CLANG_WARN_STRICT_PROTOTYPES = YES;
				CLANG_WARN_SUSPICIOUS_MOVE = YES;
				CLANG_WARN_UNGUARDED_AVAILABILITY = YES_AGGRESSIVE;
				CLANG_WARN_UNREACHABLE_CODE = YES;
				CLANG_WARN__DUPLICATE_METHOD_MATCH = YES;
				COPY_PHASE_STRIP = NO;
				DEBUG_INFORMATION_FORMAT = dwarf;
				ENABLE_STRICT_OBJC_MSGSEND = YES;
				ENABLE_TESTABILITY = YES;
				GCC_C_LANGUAGE_STANDARD = gnu11;
				GCC_DYNAMIC_NO_PIC = NO;
				GCC_NO_COMMON_BLOCKS = YES;
				GCC_OPTIMIZATION_LEVEL = 0;
				GCC_PREPROCESSOR_DEFINITIONS = (
					"DEBUG=1",
					"$(inherited)",
				);
				GCC_WARN_64_TO_32_BIT_CONVERSION = YES;
				GCC_WARN_ABOUT_RETURN_TYPE = YES_ERROR;
				GCC_WARN_UNDECLARED_SELECTOR = YES;
				GCC_WARN_UNINITIALIZED_AUTOS = YES_AGGRESSIVE;
				GCC_WARN_UNUSED_FUNCTION = YES;
				GCC_WARN_UNUSED_VARIABLE = YES;
				IPHONEOS_DEPLOYMENT_TARGET = 15.2;
				MTL_ENABLE_DEBUG_INFO = INCLUDE_SOURCE;
				MTL_FAST_MATH = YES;
				ONLY_ACTIVE_ARCH = YES;
				SDKROOT = iphoneos;
				SWIFT_ACTIVE_COMPILATION_CONDITIONS = DEBUG;
				SWIFT_OPTIMIZATION_LEVEL = "-Onone";
			};
			name = Debug;
		};
		889FBD0427D14F68000DD457 /* Release */ = {
			isa = XCBuildConfiguration;
			buildSettings = {
				ALWAYS_SEARCH_USER_PATHS = NO;
				CLANG_ANALYZER_NONNULL = YES;
				CLANG_ANALYZER_NUMBER_OBJECT_CONVERSION = YES_AGGRESSIVE;
				CLANG_CXX_LANGUAGE_STANDARD = "gnu++17";
				CLANG_CXX_LIBRARY = "libc++";
				CLANG_ENABLE_MODULES = YES;
				CLANG_ENABLE_OBJC_ARC = YES;
				CLANG_ENABLE_OBJC_WEAK = YES;
				CLANG_WARN_BLOCK_CAPTURE_AUTORELEASING = YES;
				CLANG_WARN_BOOL_CONVERSION = YES;
				CLANG_WARN_COMMA = YES;
				CLANG_WARN_CONSTANT_CONVERSION = YES;
				CLANG_WARN_DEPRECATED_OBJC_IMPLEMENTATIONS = YES;
				CLANG_WARN_DIRECT_OBJC_ISA_USAGE = YES_ERROR;
				CLANG_WARN_DOCUMENTATION_COMMENTS = YES;
				CLANG_WARN_EMPTY_BODY = YES;
				CLANG_WARN_ENUM_CONVERSION = YES;
				CLANG_WARN_INFINITE_RECURSION = YES;
				CLANG_WARN_INT_CONVERSION = YES;
				CLANG_WARN_NON_LITERAL_NULL_CONVERSION = YES;
				CLANG_WARN_OBJC_IMPLICIT_RETAIN_SELF = YES;
				CLANG_WARN_OBJC_LITERAL_CONVERSION = YES;
				CLANG_WARN_OBJC_ROOT_CLASS = YES_ERROR;
				CLANG_WARN_QUOTED_INCLUDE_IN_FRAMEWORK_HEADER = YES;
				CLANG_WARN_RANGE_LOOP_ANALYSIS = YES;
				CLANG_WARN_STRICT_PROTOTYPES = YES;
				CLANG_WARN_SUSPICIOUS_MOVE = YES;
				CLANG_WARN_UNGUARDED_AVAILABILITY = YES_AGGRESSIVE;
				CLANG_WARN_UNREACHABLE_CODE = YES;
				CLANG_WARN__DUPLICATE_METHOD_MATCH = YES;
				COPY_PHASE_STRIP = NO;
				DEBUG_INFORMATION_FORMAT = "dwarf-with-dsym";
				ENABLE_NS_ASSERTIONS = NO;
				ENABLE_STRICT_OBJC_MSGSEND = YES;
				GCC_C_LANGUAGE_STANDARD = gnu11;
				GCC_NO_COMMON_BLOCKS = YES;
				GCC_WARN_64_TO_32_BIT_CONVERSION = YES;
				GCC_WARN_ABOUT_RETURN_TYPE = YES_ERROR;
				GCC_WARN_UNDECLARED_SELECTOR = YES;
				GCC_WARN_UNINITIALIZED_AUTOS = YES_AGGRESSIVE;
				GCC_WARN_UNUSED_FUNCTION = YES;
				GCC_WARN_UNUSED_VARIABLE = YES;
				IPHONEOS_DEPLOYMENT_TARGET = 15.2;
				MTL_ENABLE_DEBUG_INFO = NO;
				MTL_FAST_MATH = YES;
				SDKROOT = iphoneos;
				SWIFT_COMPILATION_MODE = wholemodule;
				SWIFT_OPTIMIZATION_LEVEL = "-O";
				VALIDATE_PRODUCT = YES;
			};
			name = Release;
		};
		889FBD0627D14F68000DD457 /* Debug */ = {
			isa = XCBuildConfiguration;
			buildSettings = {
				ASSETCATALOG_COMPILER_APPICON_NAME = AppIcon;
				ASSETCATALOG_COMPILER_GLOBAL_ACCENT_COLOR_NAME = AccentColor;
				CODE_SIGN_STYLE = Automatic;
				CURRENT_PROJECT_VERSION = 1;
				DEVELOPMENT_TEAM = 63Y3LNTUVD;
				GENERATE_INFOPLIST_FILE = YES;
				INFOPLIST_FILE = "Countdown-Widget/Info.plist";
				INFOPLIST_KEY_UIApplicationSupportsIndirectInputEvents = YES;
				INFOPLIST_KEY_UILaunchStoryboardName = LaunchScreen;
				INFOPLIST_KEY_UIMainStoryboardFile = Main;
				INFOPLIST_KEY_UISupportedInterfaceOrientations_iPad = "UIInterfaceOrientationPortrait UIInterfaceOrientationPortraitUpsideDown UIInterfaceOrientationLandscapeLeft UIInterfaceOrientationLandscapeRight";
				INFOPLIST_KEY_UISupportedInterfaceOrientations_iPhone = "UIInterfaceOrientationPortrait UIInterfaceOrientationLandscapeLeft UIInterfaceOrientationLandscapeRight";
				LD_RUNPATH_SEARCH_PATHS = (
					"$(inherited)",
					"@executable_path/Frameworks",
				);
				MARKETING_VERSION = 1.0;
				PRODUCT_BUNDLE_IDENTIFIER = "jesusjimsa.Countdown-Widget";
				PRODUCT_NAME = "$(TARGET_NAME)";
				SWIFT_EMIT_LOC_STRINGS = YES;
				SWIFT_VERSION = 5.0;
				TARGETED_DEVICE_FAMILY = "1,2";
			};
			name = Debug;
		};
		889FBD0727D14F68000DD457 /* Release */ = {
			isa = XCBuildConfiguration;
			buildSettings = {
				ASSETCATALOG_COMPILER_APPICON_NAME = AppIcon;
				ASSETCATALOG_COMPILER_GLOBAL_ACCENT_COLOR_NAME = AccentColor;
				CODE_SIGN_STYLE = Automatic;
				CURRENT_PROJECT_VERSION = 1;
				DEVELOPMENT_TEAM = 63Y3LNTUVD;
				GENERATE_INFOPLIST_FILE = YES;
				INFOPLIST_FILE = "Countdown-Widget/Info.plist";
				INFOPLIST_KEY_UIApplicationSupportsIndirectInputEvents = YES;
				INFOPLIST_KEY_UILaunchStoryboardName = LaunchScreen;
				INFOPLIST_KEY_UIMainStoryboardFile = Main;
				INFOPLIST_KEY_UISupportedInterfaceOrientations_iPad = "UIInterfaceOrientationPortrait UIInterfaceOrientationPortraitUpsideDown UIInterfaceOrientationLandscapeLeft UIInterfaceOrientationLandscapeRight";
				INFOPLIST_KEY_UISupportedInterfaceOrientations_iPhone = "UIInterfaceOrientationPortrait UIInterfaceOrientationLandscapeLeft UIInterfaceOrientationLandscapeRight";
				LD_RUNPATH_SEARCH_PATHS = (
					"$(inherited)",
					"@executable_path/Frameworks",
				);
				MARKETING_VERSION = 1.0;
				PRODUCT_BUNDLE_IDENTIFIER = "jesusjimsa.Countdown-Widget";
				PRODUCT_NAME = "$(TARGET_NAME)";
				SWIFT_EMIT_LOC_STRINGS = YES;
				SWIFT_VERSION = 5.0;
				TARGETED_DEVICE_FAMILY = "1,2";
			};
			name = Release;
		};
/* End XCBuildConfiguration section */

/* Begin XCConfigurationList section */
		889FBCEC27D14F66000DD457 /* Build configuration list for PBXProject "Countdown-Widget" */ = {
			isa = XCConfigurationList;
			buildConfigurations = (
				889FBD0327D14F68000DD457 /* Debug */,
				889FBD0427D14F68000DD457 /* Release */,
			);
			defaultConfigurationIsVisible = 0;
			defaultConfigurationName = Release;
		};
		889FBD0527D14F68000DD457 /* Build configuration list for PBXNativeTarget "Countdown-Widget" */ = {
			isa = XCConfigurationList;
			buildConfigurations = (
				889FBD0627D14F68000DD457 /* Debug */,
				889FBD0727D14F68000DD457 /* Release */,
			);
			defaultConfigurationIsVisible = 0;
			defaultConfigurationName = Release;
		};
/* End XCConfigurationList section */
	};
	rootObject = 889FBCE927D14F66000DD457 /* Project object */;
}
